Microsoft Visual Studio Solution File, Format Version 11.00
# Visual Studio 2008

Project("{12B1D4BA-07A9-5737-0967-BE3BB8F4040B}") = "121_UNITY_2D_ESSENTIAL_TRAINING", "Assembly-CSharp.csproj", "{37389908-7466-6AC9-267F-C252C8EBCD15}"
EndProject
Global
	GlobalSection(SolutionConfigurationPlatforms) = preSolution
		Debug|Any CPU = Debug|Any CPU
		Release|Any CPU = Release|Any CPU
	EndGlobalSection
	GlobalSection(ProjectConfigurationPlatforms) = postSolution
		{37389908-7466-6AC9-267F-C252C8EBCD15}.Debug|Any CPU.ActiveCfg = Debug|Any CPU
		{37389908-7466-6AC9-267F-C252C8EBCD15}.Debug|Any CPU.Build.0 = Debug|Any CPU
		{37389908-7466-6AC9-267F-C252C8EBCD15}.Release|Any CPU.ActiveCfg = Release|Any CPU
		{37389908-7466-6AC9-267F-C252C8EBCD15}.Release|Any CPU.Build.0 = Release|Any CPU
	EndGlobalSection
	GlobalSection(SolutionProperties) = preSolution
		HideSolutionNode = FALSE
	EndGlobalSection
	GlobalSection(MonoDevelopProperties) = preSolution
		StartupItem = Assembly-CSharp.csproj
	EndGlobalSection
EndGlobal
